
Microsoft Visual Studio Solution File, Format Version 12.00
# Visual Studio 14
VisualStudioVersion = 14.0.24720.0
MinimumVisualStudioVersion = 10.0.40219.1
Project("{FAE04EC0-301F-11D3-BF4B-00C04F79EFBC}") = "KSiS_Laba2_Client", "KSiS_Laba2_Client\KSiS_Laba2_Client.csproj", "{73CB4A1B-79B1-4674-99A5-37AD7EAB39C2}"
EndProject
Project("{FAE04EC0-301F-11D3-BF4B-00C04F79EFBC}") = "KSiS_Laba2_Server", "KSiS_Laba2_Server\KSiS_Laba2_Server.csproj", "{987CF681-0FD2-411C-9FAD-C175A15976DA}"
EndProject
Project("{FAE04EC0-301F-11D3-BF4B-00C04F79EFBC}") = "KSiS_Laba2_Kernel", "KSiS_Laba2_Kernel\KSiS_Laba2_Kernel.csproj", "{E9ED9F21-73D8-4019-85EF-80B6AB6C810A}"
EndProject
Global
	GlobalSection(SolutionConfigurationPlatforms) = preSolution
		Debug|Any CPU = Debug|Any CPU
		Release|Any CPU = Release|Any CPU
	EndGlobalSection
	GlobalSection(ProjectConfigurationPlatforms) = postSolution
		{73CB4A1B-79B1-4674-99A5-37AD7EAB39C2}.Debug|Any CPU.ActiveCfg = Debug|Any CPU
		{73CB4A1B-79B1-4674-99A5-37AD7EAB39C2}.Debug|Any CPU.Build.0 = Debug|Any CPU
		{73CB4A1B-79B1-4674-99A5-37AD7EAB39C2}.Release|Any CPU.ActiveCfg = Release|Any CPU
		{73CB4A1B-79B1-4674-99A5-37AD7EAB39C2}.Release|Any CPU.Build.0 = Release|Any CPU
		{987CF681-0FD2-411C-9FAD-C175A15976DA}.Debug|Any CPU.ActiveCfg = Debug|Any CPU
		{987CF681-0FD2-411C-9FAD-C175A15976DA}.Debug|Any CPU.Build.0 = Debug|Any CPU
		{987CF681-0FD2-411C-9FAD-C175A15976DA}.Release|Any CPU.ActiveCfg = Release|Any CPU
		{987CF681-0FD2-411C-9FAD-C175A15976DA}.Release|Any CPU.Build.0 = Release|Any CPU
		{E9ED9F21-73D8-4019-85EF-80B6AB6C810A}.Debug|Any CPU.ActiveCfg = Debug|Any CPU
		{E9ED9F21-73D8-4019-85EF-80B6AB6C810A}.Debug|Any CPU.Build.0 = Debug|Any CPU
		{E9ED9F21-73D8-4019-85EF-80B6AB6C810A}.Release|Any CPU.ActiveCfg = Release|Any CPU
		{E9ED9F21-73D8-4019-85EF-80B6AB6C810A}.Release|Any CPU.Build.0 = Release|Any CPU
	EndGlobalSection
	GlobalSection(SolutionProperties) = preSolution
		HideSolutionNode = FALSE
	EndGlobalSection
EndGlobal
